
Microsoft Visual Studio Solution File, Format Version 12.00
# Visual Studio Version 17
VisualStudioVersion = 17.9.34714.143
MinimumVisualStudioVersion = 10.0.40219.1
Project("{FAE04EC0-301F-11D3-BF4B-00C04F79EFBC}") = "Assignment05OOP", "Assignment05OOP\Assignment05OOP.csproj", "{AF4C5BC3-73C1-4446-B89D-E4F153E04321}"
EndProject
Global
	GlobalSection(SolutionConfigurationPlatforms) = preSolution
		Debug|Any CPU = Debug|Any CPU
		Release|Any CPU = Release|Any CPU
	EndGlobalSection
	GlobalSection(ProjectConfigurationPlatforms) = postSolution
		{AF4C5BC3-73C1-4446-B89D-E4F153E04321}.Debug|Any CPU.ActiveCfg = Debug|Any CPU
		{AF4C5BC3-73C1-4446-B89D-E4F153E04321}.Debug|Any CPU.Build.0 = Debug|Any CPU
		{AF4C5BC3-73C1-4446-B89D-E4F153E04321}.Release|Any CPU.ActiveCfg = Release|Any CPU
		{AF4C5BC3-73C1-4446-B89D-E4F153E04321}.Release|Any CPU.Build.0 = Release|Any CPU
	EndGlobalSection
	GlobalSection(SolutionProperties) = preSolution
		HideSolutionNode = FALSE
	EndGlobalSection
	GlobalSection(ExtensibilityGlobals) = postSolution
		SolutionGuid = {2055B5BE-8E74-4ACE-82A5-1BFAE9C42ABB}
	EndGlobalSection
EndGlobal
